
Microsoft Visual Studio Solution File, Format Version 12.00
# Visual Studio 15
VisualStudioVersion = 15.0.28307.421
MinimumVisualStudioVersion = 10.0.40219.1
Project("{FAE04EC0-301F-11D3-BF4B-00C04F79EFBC}") = "ManipulationDelegue_Exo2", "ManipulationDelegue_Exo2\ManipulationDelegue_Exo2.csproj", "{ECE2141C-D4C4-4F97-B712-91F272E81ED9}"
EndProject
Global
	GlobalSection(SolutionConfigurationPlatforms) = preSolution
		Debug|Any CPU = Debug|Any CPU
		Release|Any CPU = Release|Any CPU
	EndGlobalSection
	GlobalSection(ProjectConfigurationPlatforms) = postSolution
		{ECE2141C-D4C4-4F97-B712-91F272E81ED9}.Debug|Any CPU.ActiveCfg = Debug|Any CPU
		{ECE2141C-D4C4-4F97-B712-91F272E81ED9}.Debug|Any CPU.Build.0 = Debug|Any CPU
		{ECE2141C-D4C4-4F97-B712-91F272E81ED9}.Release|Any CPU.ActiveCfg = Release|Any CPU
		{ECE2141C-D4C4-4F97-B712-91F272E81ED9}.Release|Any CPU.Build.0 = Release|Any CPU
	EndGlobalSection
	GlobalSection(SolutionProperties) = preSolution
		HideSolutionNode = FALSE
	EndGlobalSection
	GlobalSection(ExtensibilityGlobals) = postSolution
		SolutionGuid = {39B6AB26-C6EF-4E28-8B20-B74F2348C86A}
	EndGlobalSection
EndGlobal
