
Microsoft Visual Studio Solution File, Format Version 12.00
# Visual Studio 15
VisualStudioVersion = 15.0.28307.421
MinimumVisualStudioVersion = 10.0.40219.1
Project("{FAE04EC0-301F-11D3-BF4B-00C04F79EFBC}") = "HeritageJukeBoxV1", "HeritageJukeBoxV1\HeritageJukeBoxV1.csproj", "{23165E71-4201-46F6-B81C-9821C23580FC}"
EndProject
Global
	GlobalSection(SolutionConfigurationPlatforms) = preSolution
		Debug|Any CPU = Debug|Any CPU
		Release|Any CPU = Release|Any CPU
	EndGlobalSection
	GlobalSection(ProjectConfigurationPlatforms) = postSolution
		{23165E71-4201-46F6-B81C-9821C23580FC}.Debug|Any CPU.ActiveCfg = Debug|Any CPU
		{23165E71-4201-46F6-B81C-9821C23580FC}.Debug|Any CPU.Build.0 = Debug|Any CPU
		{23165E71-4201-46F6-B81C-9821C23580FC}.Release|Any CPU.ActiveCfg = Release|Any CPU
		{23165E71-4201-46F6-B81C-9821C23580FC}.Release|Any CPU.Build.0 = Release|Any CPU
	EndGlobalSection
	GlobalSection(SolutionProperties) = preSolution
		HideSolutionNode = FALSE
	EndGlobalSection
	GlobalSection(ExtensibilityGlobals) = postSolution
		SolutionGuid = {348DD7C1-BA4D-4BA9-AA99-585E2682B4E7}
	EndGlobalSection
EndGlobal
